
Microsoft Visual Studio Solution File, Format Version 12.00
# Visual Studio 15
VisualStudioVersion = 15.0.27004.2009
MinimumVisualStudioVersion = 10.0.40219.1
Project("{FAE04EC0-301F-11D3-BF4B-00C04F79EFBC}") = "FYPFinal", "FYPFinal\FYPFinal.csproj", "{9AB874A7-1D7B-43C6-91CC-45AAAE23A409}"
EndProject
Project("{FAE04EC0-301F-11D3-BF4B-00C04F79EFBC}") = "ChartLibrary", "ChartLibrary\ChartLibrary.csproj", "{DEAC5D40-D209-43C8-907D-61402FC9DA36}"
EndProject
Global
	GlobalSection(SolutionConfigurationPlatforms) = preSolution
		Debug|Any CPU = Debug|Any CPU
		Release|Any CPU = Release|Any CPU
	EndGlobalSection
	GlobalSection(ProjectConfigurationPlatforms) = postSolution
		{9AB874A7-1D7B-43C6-91CC-45AAAE23A409}.Debug|Any CPU.ActiveCfg = Debug|Any CPU
		{9AB874A7-1D7B-43C6-91CC-45AAAE23A409}.Debug|Any CPU.Build.0 = Debug|Any CPU
		{9AB874A7-1D7B-43C6-91CC-45AAAE23A409}.Release|Any CPU.ActiveCfg = Release|Any CPU
		{9AB874A7-1D7B-43C6-91CC-45AAAE23A409}.Release|Any CPU.Build.0 = Release|Any CPU
		{DEAC5D40-D209-43C8-907D-61402FC9DA36}.Debug|Any CPU.ActiveCfg = Debug|Any CPU
		{DEAC5D40-D209-43C8-907D-61402FC9DA36}.Debug|Any CPU.Build.0 = Debug|Any CPU
		{DEAC5D40-D209-43C8-907D-61402FC9DA36}.Release|Any CPU.ActiveCfg = Release|Any CPU
		{DEAC5D40-D209-43C8-907D-61402FC9DA36}.Release|Any CPU.Build.0 = Release|Any CPU
	EndGlobalSection
	GlobalSection(SolutionProperties) = preSolution
		HideSolutionNode = FALSE
	EndGlobalSection
	GlobalSection(ExtensibilityGlobals) = postSolution
		EnterpriseLibraryConfigurationToolBinariesPathV6 = packages\EnterpriseLibrary.Common.6.0.1304.0\lib\NET45;packages\EnterpriseLibrary.Data.6.0.1304.0\lib\NET45
		SolutionGuid = {82E07FE0-0AC5-4543-B47E-6320C3836A66}
	EndGlobalSection
EndGlobal
